
Microsoft Visual Studio Solution File, Format Version 12.00
# Visual Studio Version 16
VisualStudioVersion = 16.0.30804.86
MinimumVisualStudioVersion = 10.0.40219.1
Project("{2150E333-8FDC-42A3-9474-1A3956D46DE8}") = "Examples", "Examples", "{E8263E16-5B54-41A4-A50F-B42C4EB25771}"
EndProject
Project("{9A19103F-16F7-4668-BE54-9A1E7A4F7556}") = "slStreamUtils", "slStreamUtils\slStreamUtils.csproj", "{9C04DD94-EED6-4FA5-B6F9-DD9AEE5E7A01}"
EndProject
Project("{9A19103F-16F7-4668-BE54-9A1E7A4F7556}") = "DataExporterToPython", "Examples\DataExporterToPython\DataExporterToPython.csproj", "{8463B135-111C-4FD7-9D08-BF7CC0AA3F60}"
EndProject
Project("{888888A0-9F3D-457C-B088-3A5042F75D52}") = "PythonDeserializationTest", "Examples\PythonDeserializationTest\PythonDeserializationTest.pyproj", "{8D0D678B-4BAD-469A-A5FA-B76CB5DCE00B}"
EndProject
Project("{9A19103F-16F7-4668-BE54-9A1E7A4F7556}") = "slStreamUtilsProtobuf", "slStreamUtilsProtobuf\slStreamUtilsProtobuf.csproj", "{152975C3-860F-4969-B43D-B26FA2146B60}"
EndProject
Project("{9A19103F-16F7-4668-BE54-9A1E7A4F7556}") = "slStreamUtilsMessagePack", "slStreamUtilsMessagePack\slStreamUtilsMessagePack.csproj", "{E707FFD0-E6CF-43E1-8B05-3222914BA439}"
EndProject
Project("{2150E333-8FDC-42A3-9474-1A3956D46DE8}") = "Benchmarks", "Benchmarks", "{248492CA-9827-47E8-81B6-E45B2FA1DCCC}"
EndProject
Project("{2150E333-8FDC-42A3-9474-1A3956D46DE8}") = "UnitTests", "UnitTests", "{008A4220-12F7-4605-ACA5-50C1849DC4D7}"
EndProject
Project("{9A19103F-16F7-4668-BE54-9A1E7A4F7556}") = "slStreamUtilsBenchmark", "Benchmarks\slStreamUtilsBenchmark\slStreamUtilsBenchmark.csproj", "{681753C3-EA1B-4343-8F33-81A486F3BE4E}"
EndProject
Project("{9A19103F-16F7-4668-BE54-9A1E7A4F7556}") = "slStreamUtilsTest", "UnitTests\slStreamUtilsTest\slStreamUtilsTest.csproj", "{9B0EAFE7-A97F-442C-8E97-F14CEF166339}"
EndProject
Project("{2150E333-8FDC-42A3-9474-1A3956D46DE8}") = "3rdParty", "3rdParty", "{340A05C5-7466-4FF7-834C-FF3C2EF14E8D}"
EndProject
Project("{9A19103F-16F7-4668-BE54-9A1E7A4F7556}") = "Sparrow", "3rdParty\Sparrow\Sparrow.csproj", "{02AFF3C6-57E7-4B27-8267-8FEC84AEB609}"
EndProject
Project("{2150E333-8FDC-42A3-9474-1A3956D46DE8}") = "Solution Items", "Solution Items", "{768801ED-C34E-40A0-ABE2-702F20BF4CCE}"
	ProjectSection(SolutionItems) = preProject
		.gitignore = .gitignore
		LICENSE = LICENSE
	EndProjectSection
EndProject
Project("{FAE04EC0-301F-11D3-BF4B-00C04F79EFBC}") = "BlogExamples", "Examples\BlogExamples\BlogExamples.csproj", "{86A1FEB6-23CC-4293-A544-2090A9BF996E}"
EndProject
Global
	GlobalSection(SolutionConfigurationPlatforms) = preSolution
		Debug|Any CPU = Debug|Any CPU
		Debug|x64 = Debug|x64
		Debug|x86 = Debug|x86
		Release|Any CPU = Release|Any CPU
		Release|x64 = Release|x64
		Release|x86 = Release|x86
	EndGlobalSection
	GlobalSection(ProjectConfigurationPlatforms) = postSolution
		{9C04DD94-EED6-4FA5-B6F9-DD9AEE5E7A01}.Debug|Any CPU.ActiveCfg = Debug|Any CPU
		{9C04DD94-EED6-4FA5-B6F9-DD9AEE5E7A01}.Debug|Any CPU.Build.0 = Debug|Any CPU
		{9C04DD94-EED6-4FA5-B6F9-DD9AEE5E7A01}.Debug|x64.ActiveCfg = Debug|Any CPU
		{9C04DD94-EED6-4FA5-B6F9-DD9AEE5E7A01}.Debug|x64.Build.0 = Debug|Any CPU
		{9C04DD94-EED6-4FA5-B6F9-DD9AEE5E7A01}.Debug|x86.ActiveCfg = Debug|Any CPU
		{9C04DD94-EED6-4FA5-B6F9-DD9AEE5E7A01}.Debug|x86.Build.0 = Debug|Any CPU
		{9C04DD94-EED6-4FA5-B6F9-DD9AEE5E7A01}.Release|Any CPU.ActiveCfg = Release|Any CPU
		{9C04DD94-EED6-4FA5-B6F9-DD9AEE5E7A01}.Release|Any CPU.Build.0 = Release|Any CPU
		{9C04DD94-EED6-4FA5-B6F9-DD9AEE5E7A01}.Release|x64.ActiveCfg = Release|Any CPU
		{9C04DD94-EED6-4FA5-B6F9-DD9AEE5E7A01}.Release|x64.Build.0 = Release|Any CPU
		{9C04DD94-EED6-4FA5-B6F9-DD9AEE5E7A01}.Release|x86.ActiveCfg = Release|Any CPU
		{9C04DD94-EED6-4FA5-B6F9-DD9AEE5E7A01}.Release|x86.Build.0 = Release|Any CPU
		{8463B135-111C-4FD7-9D08-BF7CC0AA3F60}.Debug|Any CPU.ActiveCfg = Debug|Any CPU
		{8463B135-111C-4FD7-9D08-BF7CC0AA3F60}.Debug|Any CPU.Build.0 = Debug|Any CPU
		{8463B135-111C-4FD7-9D08-BF7CC0AA3F60}.Debug|x64.ActiveCfg = Debug|Any CPU
		{8463B135-111C-4FD7-9D08-BF7CC0AA3F60}.Debug|x64.Build.0 = Debug|Any CPU
		{8463B135-111C-4FD7-9D08-BF7CC0AA3F60}.Debug|x86.ActiveCfg = Debug|Any CPU
		{8463B135-111C-4FD7-9D08-BF7CC0AA3F60}.Debug|x86.Build.0 = Debug|Any CPU
		{8463B135-111C-4FD7-9D08-BF7CC0AA3F60}.Release|Any CPU.ActiveCfg = Release|Any CPU
		{8463B135-111C-4FD7-9D08-BF7CC0AA3F60}.Release|Any CPU.Build.0 = Release|Any CPU
		{8463B135-111C-4FD7-9D08-BF7CC0AA3F60}.Release|x64.ActiveCfg = Release|Any CPU
		{8463B135-111C-4FD7-9D08-BF7CC0AA3F60}.Release|x64.Build.0 = Release|Any CPU
		{8463B135-111C-4FD7-9D08-BF7CC0AA3F60}.Release|x86.ActiveCfg = Release|Any CPU
		{8463B135-111C-4FD7-9D08-BF7CC0AA3F60}.Release|x86.Build.0 = Release|Any CPU
		{8D0D678B-4BAD-469A-A5FA-B76CB5DCE00B}.Debug|Any CPU.ActiveCfg = Debug|Any CPU
		{8D0D678B-4BAD-469A-A5FA-B76CB5DCE00B}.Debug|x64.ActiveCfg = Debug|Any CPU
		{8D0D678B-4BAD-469A-A5FA-B76CB5DCE00B}.Debug|x86.ActiveCfg = Debug|Any CPU
		{8D0D678B-4BAD-469A-A5FA-B76CB5DCE00B}.Release|Any CPU.ActiveCfg = Release|Any CPU
		{8D0D678B-4BAD-469A-A5FA-B76CB5DCE00B}.Release|x64.ActiveCfg = Release|Any CPU
		{8D0D678B-4BAD-469A-A5FA-B76CB5DCE00B}.Release|x86.ActiveCfg = Release|Any CPU
		{152975C3-860F-4969-B43D-B26FA2146B60}.Debug|Any CPU.ActiveCfg = Debug|Any CPU
		{152975C3-860F-4969-B43D-B26FA2146B60}.Debug|Any CPU.Build.0 = Debug|Any CPU
		{152975C3-860F-4969-B43D-B26FA2146B60}.Debug|x64.ActiveCfg = Debug|Any CPU
		{152975C3-860F-4969-B43D-B26FA2146B60}.Debug|x64.Build.0 = Debug|Any CPU
		{152975C3-860F-4969-B43D-B26FA2146B60}.Debug|x86.ActiveCfg = Debug|Any CPU
		{152975C3-860F-4969-B43D-B26FA2146B60}.Debug|x86.Build.0 = Debug|Any CPU
		{152975C3-860F-4969-B43D-B26FA2146B60}.Release|Any CPU.ActiveCfg = Release|Any CPU
		{152975C3-860F-4969-B43D-B26FA2146B60}.Release|Any CPU.Build.0 = Release|Any CPU
		{152975C3-860F-4969-B43D-B26FA2146B60}.Release|x64.ActiveCfg = Release|Any CPU
		{152975C3-860F-4969-B43D-B26FA2146B60}.Release|x64.Build.0 = Release|Any CPU
		{152975C3-860F-4969-B43D-B26FA2146B60}.Release|x86.ActiveCfg = Release|Any CPU
		{152975C3-860F-4969-B43D-B26FA2146B60}.Release|x86.Build.0 = Release|Any CPU
		{E707FFD0-E6CF-43E1-8B05-3222914BA439}.Debug|Any CPU.ActiveCfg = Debug|Any CPU
		{E707FFD0-E6CF-43E1-8B05-3222914BA439}.Debug|Any CPU.Build.0 = Debug|Any CPU
		{E707FFD0-E6CF-43E1-8B05-3222914BA439}.Debug|x64.ActiveCfg = Debug|Any CPU
		{E707FFD0-E6CF-43E1-8B05-3222914BA439}.Debug|x64.Build.0 = Debug|Any CPU
		{E707FFD0-E6CF-43E1-8B05-3222914BA439}.Debug|x86.ActiveCfg = Debug|Any CPU
		{E707FFD0-E6CF-43E1-8B05-3222914BA439}.Debug|x86.Build.0 = Debug|Any CPU
		{E707FFD0-E6CF-43E1-8B05-3222914BA439}.Release|Any CPU.ActiveCfg = Release|Any CPU
		{E707FFD0-E6CF-43E1-8B05-3222914BA439}.Release|Any CPU.Build.0 = Release|Any CPU
		{E707FFD0-E6CF-43E1-8B05-3222914BA439}.Release|x64.ActiveCfg = Release|Any CPU
		{E707FFD0-E6CF-43E1-8B05-3222914BA439}.Release|x64.Build.0 = Release|Any CPU
		{E707FFD0-E6CF-43E1-8B05-3222914BA439}.Release|x86.ActiveCfg = Release|Any CPU
		{E707FFD0-E6CF-43E1-8B05-3222914BA439}.Release|x86.Build.0 = Release|Any CPU
		{681753C3-EA1B-4343-8F33-81A486F3BE4E}.Debug|Any CPU.ActiveCfg = Debug|Any CPU
		{681753C3-EA1B-4343-8F33-81A486F3BE4E}.Debug|Any CPU.Build.0 = Debug|Any CPU
		{681753C3-EA1B-4343-8F33-81A486F3BE4E}.Debug|x64.ActiveCfg = Debug|Any CPU
		{681753C3-EA1B-4343-8F33-81A486F3BE4E}.Debug|x64.Build.0 = Debug|Any CPU
		{681753C3-EA1B-4343-8F33-81A486F3BE4E}.Debug|x86.ActiveCfg = Debug|Any CPU
		{681753C3-EA1B-4343-8F33-81A486F3BE4E}.Debug|x86.Build.0 = Debug|Any CPU
		{681753C3-EA1B-4343-8F33-81A486F3BE4E}.Release|Any CPU.ActiveCfg = Release|Any CPU
		{681753C3-EA1B-4343-8F33-81A486F3BE4E}.Release|Any CPU.Build.0 = Release|Any CPU
		{681753C3-EA1B-4343-8F33-81A486F3BE4E}.Release|x64.ActiveCfg = Release|Any CPU
		{681753C3-EA1B-4343-8F33-81A486F3BE4E}.Release|x64.Build.0 = Release|Any CPU
		{681753C3-EA1B-4343-8F33-81A486F3BE4E}.Release|x86.ActiveCfg = Release|Any CPU
		{681753C3-EA1B-4343-8F33-81A486F3BE4E}.Release|x86.Build.0 = Release|Any CPU
		{9B0EAFE7-A97F-442C-8E97-F14CEF166339}.Debug|Any CPU.ActiveCfg = Debug|Any CPU
		{9B0EAFE7-A97F-442C-8E97-F14CEF166339}.Debug|Any CPU.Build.0 = Debug|Any CPU
		{9B0EAFE7-A97F-442C-8E97-F14CEF166339}.Debug|x64.ActiveCfg = Debug|Any CPU
		{9B0EAFE7-A97F-442C-8E97-F14CEF166339}.Debug|x64.Build.0 = Debug|Any CPU
		{9B0EAFE7-A97F-442C-8E97-F14CEF166339}.Debug|x86.ActiveCfg = Debug|Any CPU
		{9B0EAFE7-A97F-442C-8E97-F14CEF166339}.Debug|x86.Build.0 = Debug|Any CPU
		{9B0EAFE7-A97F-442C-8E97-F14CEF166339}.Release|Any CPU.ActiveCfg = Release|Any CPU
		{9B0EAFE7-A97F-442C-8E97-F14CEF166339}.Release|Any CPU.Build.0 = Release|Any CPU
		{9B0EAFE7-A97F-442C-8E97-F14CEF166339}.Release|x64.ActiveCfg = Release|Any CPU
		{9B0EAFE7-A97F-442C-8E97-F14CEF166339}.Release|x64.Build.0 = Release|Any CPU
		{9B0EAFE7-A97F-442C-8E97-F14CEF166339}.Release|x86.ActiveCfg = Release|Any CPU
		{9B0EAFE7-A97F-442C-8E97-F14CEF166339}.Release|x86.Build.0 = Release|Any CPU
		{02AFF3C6-57E7-4B27-8267-8FEC84AEB609}.Debug|Any CPU.ActiveCfg = Debug|Any CPU
		{02AFF3C6-57E7-4B27-8267-8FEC84AEB609}.Debug|Any CPU.Build.0 = Debug|Any CPU
		{02AFF3C6-57E7-4B27-8267-8FEC84AEB609}.Debug|x64.ActiveCfg = Debug|Any CPU
		{02AFF3C6-57E7-4B27-8267-8FEC84AEB609}.Debug|x64.Build.0 = Debug|Any CPU
		{02AFF3C6-57E7-4B27-8267-8FEC84AEB609}.Debug|x86.ActiveCfg = Debug|Any CPU
		{02AFF3C6-57E7-4B27-8267-8FEC84AEB609}.Debug|x86.Build.0 = Debug|Any CPU
		{02AFF3C6-57E7-4B27-8267-8FEC84AEB609}.Release|Any CPU.ActiveCfg = Release|Any CPU
		{02AFF3C6-57E7-4B27-8267-8FEC84AEB609}.Release|Any CPU.Build.0 = Release|Any CPU
		{02AFF3C6-57E7-4B27-8267-8FEC84AEB609}.Release|x64.ActiveCfg = Release|Any CPU
		{02AFF3C6-57E7-4B27-8267-8FEC84AEB609}.Release|x64.Build.0 = Release|Any CPU
		{02AFF3C6-57E7-4B27-8267-8FEC84AEB609}.Release|x86.ActiveCfg = Release|Any CPU
		{02AFF3C6-57E7-4B27-8267-8FEC84AEB609}.Release|x86.Build.0 = Release|Any CPU
		{86A1FEB6-23CC-4293-A544-2090A9BF996E}.Debug|Any CPU.ActiveCfg = Debug|Any CPU
		{86A1FEB6-23CC-4293-A544-2090A9BF996E}.Debug|Any CPU.Build.0 = Debug|Any CPU
		{86A1FEB6-23CC-4293-A544-2090A9BF996E}.Debug|x64.ActiveCfg = Debug|Any CPU
		{86A1FEB6-23CC-4293-A544-2090A9BF996E}.Debug|x64.Build.0 = Debug|Any CPU
		{86A1FEB6-23CC-4293-A544-2090A9BF996E}.Debug|x86.ActiveCfg = Debug|Any CPU
		{86A1FEB6-23CC-4293-A544-2090A9BF996E}.Debug|x86.Build.0 = Debug|Any CPU
		{86A1FEB6-23CC-4293-A544-2090A9BF996E}.Release|Any CPU.ActiveCfg = Release|Any CPU
		{86A1FEB6-23CC-4293-A544-2090A9BF996E}.Release|Any CPU.Build.0 = Release|Any CPU
		{86A1FEB6-23CC-4293-A544-2090A9BF996E}.Release|x64.ActiveCfg = Release|Any CPU
		{86A1FEB6-23CC-4293-A544-2090A9BF996E}.Release|x64.Build.0 = Release|Any CPU
		{86A1FEB6-23CC-4293-A544-2090A9BF996E}.Release|x86.ActiveCfg = Release|Any CPU
		{86A1FEB6-23CC-4293-A544-2090A9BF996E}.Release|x86.Build.0 = Release|Any CPU
	EndGlobalSection
	GlobalSection(SolutionProperties) = preSolution
		HideSolutionNode = FALSE
	EndGlobalSection
	GlobalSection(NestedProjects) = preSolution
		{8463B135-111C-4FD7-9D08-BF7CC0AA3F60} = {E8263E16-5B54-41A4-A50F-B42C4EB25771}
		{8D0D678B-4BAD-469A-A5FA-B76CB5DCE00B} = {E8263E16-5B54-41A4-A50F-B42C4EB25771}
		{681753C3-EA1B-4343-8F33-81A486F3BE4E} = {248492CA-9827-47E8-81B6-E45B2FA1DCCC}
		{9B0EAFE7-A97F-442C-8E97-F14CEF166339} = {008A4220-12F7-4605-ACA5-50C1849DC4D7}
		{02AFF3C6-57E7-4B27-8267-8FEC84AEB609} = {340A05C5-7466-4FF7-834C-FF3C2EF14E8D}
		{86A1FEB6-23CC-4293-A544-2090A9BF996E} = {E8263E16-5B54-41A4-A50F-B42C4EB25771}
	EndGlobalSection
	GlobalSection(ExtensibilityGlobals) = postSolution
		SolutionGuid = {D821B8FC-F996-4EE3-AF14-1C7FE053CB68}
	EndGlobalSection
EndGlobal
