
Microsoft Visual Studio Solution File, Format Version 12.00
# Visual Studio Version 16
VisualStudioVersion = 16.0.30804.86
MinimumVisualStudioVersion = 10.0.40219.1
Project("{2150E333-8FDC-42A3-9474-1A3956D46DE8}") = "Examples", "Examples", "{E8263E16-5B54-41A4-A50F-B42C4EB25771}"
EndProject
Project("{9A19103F-16F7-4668-BE54-9A1E7A4F7556}") = "slStreamUtils", "slStreamUtils\slStreamUtils.csproj", "{9C04DD94-EED6-4FA5-B6F9-DD9AEE5E7A01}"
EndProject
Project("{9A19103F-16F7-4668-BE54-9A1E7A4F7556}") = "DataExporterToPython", "Examples\DataExporterToPython\DataExporterToPython.csproj", "{8463B135-111C-4FD7-9D08-BF7CC0AA3F60}"
EndProject
Project("{888888A0-9F3D-457C-B088-3A5042F75D52}") = "PythonDeserializationTest", "Examples\PythonDeserializationTest\PythonDeserializationTest.pyproj", "{8D0D678B-4BAD-469A-A5FA-B76CB5DCE00B}"
EndProject
Project("{9A19103F-16F7-4668-BE54-9A1E7A4F7556}") = "slStreamUtilsProtobuf", "slStreamUtilsProtobuf\slStreamUtilsProtobuf.csproj", "{152975C3-860F-4969-B43D-B26FA2146B60}"
EndProject
Project("{9A19103F-16F7-4668-BE54-9A1E7A4F7556}") = "slStreamUtilsMessagePack", "slStreamUtilsMessagePack\slStreamUtilsMessagePack.csproj", "{E707FFD0-E6CF-43E1-8B05-3222914BA439}"
EndProject
Project("{2150E333-8FDC-42A3-9474-1A3956D46DE8}") = "Benchmarks", "Benchmarks", "{248492CA-9827-47E8-81B6-E45B2FA1DCCC}"
EndProject
Project("{2150E333-8FDC-42A3-9474-1A3956D46DE8}") = "UnitTests", "UnitTests", "{008A4220-12F7-4605-ACA5-50C1849DC4D7}"
EndProject
Project("{9A19103F-16F7-4668-BE54-9A1E7A4F7556}") = "slStreamUtilsTest", "UnitTests\slStreamUtilsTest\slStreamUtilsTest.csproj", "{9B0EAFE7-A97F-442C-8E97-F14CEF166339}"
EndProject
Project("{2150E333-8FDC-42A3-9474-1A3956D46DE8}") = "Solution Items", "Solution Items", "{768801ED-C34E-40A0-ABE2-702F20BF4CCE}"
	ProjectSection(SolutionItems) = preProject
		.editorconfig = .editorconfig
		.gitignore = .gitignore
		.github\workflows\BuildAndTestOnPush.yml = .github\workflows\BuildAndTestOnPush.yml
		LICENSE = LICENSE
		.github\workflows\publishPkg.yml = .github\workflows\publishPkg.yml
		README.md = README.md
	EndProjectSection
EndProject
Project("{9A19103F-16F7-4668-BE54-9A1E7A4F7556}") = "slStreamUtilsMessagePackTest", "UnitTests\slStreamUtilsMessagePackTest\slStreamUtilsMessagePackTest.csproj", "{3B7526E2-0D7D-4D0B-BB68-72DD2FB6BF58}"
EndProject
Project("{9A19103F-16F7-4668-BE54-9A1E7A4F7556}") = "slStreamUtilsProtobufTest", "UnitTests\slStreamUtilsProtobufTest\slStreamUtilsProtobufTest.csproj", "{B00FF7AA-5048-4C32-96CD-C3028E63BE02}"
EndProject
Project("{9A19103F-16F7-4668-BE54-9A1E7A4F7556}") = "slStreamUtilsMessagePackBenchmark", "Benchmarks\slStreamUtilsMessagePackBenchmark\slStreamUtilsMessagePackBenchmark.csproj", "{5D5F3024-2DC3-4D1A-A66B-4E7A68F18225}"
EndProject
Project("{9A19103F-16F7-4668-BE54-9A1E7A4F7556}") = "slStreamUtilsProtobufBenchmark", "Benchmarks\slStreamUtilsProtobufBenchmark\slStreamUtilsProtobufBenchmark.csproj", "{079AACF1-C765-4EC5-B3EC-322262FEFBDD}"
EndProject
Project("{9A19103F-16F7-4668-BE54-9A1E7A4F7556}") = "slStreamUtilsExamples", "Examples\slStreamUtilsExamples\slStreamUtilsExamples.csproj", "{AC0C3F40-8A28-498A-B708-FBF2B66CFE31}"
EndProject
Project("{9A19103F-16F7-4668-BE54-9A1E7A4F7556}") = "slStreamUtilsMessagePackExamples", "Examples\slStreamUtilsMessagePackExamples\slStreamUtilsMessagePackExamples.csproj", "{749287FF-FC9D-42A4-A304-FA3B11EE3323}"
EndProject
Project("{9A19103F-16F7-4668-BE54-9A1E7A4F7556}") = "slStreamUtilsProtobufExamples", "Examples\slStreamUtilsProtobufExamples\slStreamUtilsProtobufExamples.csproj", "{4574BA9D-B4AE-4015-8CF2-DB8B9BE8FFBD}"
EndProject
Global
	GlobalSection(SolutionConfigurationPlatforms) = preSolution
		Debug|Any CPU = Debug|Any CPU
		Debug|x64 = Debug|x64
		Debug|x86 = Debug|x86
		Release|Any CPU = Release|Any CPU
		Release|x64 = Release|x64
		Release|x86 = Release|x86
	EndGlobalSection
	GlobalSection(ProjectConfigurationPlatforms) = postSolution
		{9C04DD94-EED6-4FA5-B6F9-DD9AEE5E7A01}.Debug|Any CPU.ActiveCfg = Debug|Any CPU
		{9C04DD94-EED6-4FA5-B6F9-DD9AEE5E7A01}.Debug|Any CPU.Build.0 = Debug|Any CPU
		{9C04DD94-EED6-4FA5-B6F9-DD9AEE5E7A01}.Debug|x64.ActiveCfg = Debug|Any CPU
		{9C04DD94-EED6-4FA5-B6F9-DD9AEE5E7A01}.Debug|x64.Build.0 = Debug|Any CPU
		{9C04DD94-EED6-4FA5-B6F9-DD9AEE5E7A01}.Debug|x86.ActiveCfg = Debug|Any CPU
		{9C04DD94-EED6-4FA5-B6F9-DD9AEE5E7A01}.Debug|x86.Build.0 = Debug|Any CPU
		{9C04DD94-EED6-4FA5-B6F9-DD9AEE5E7A01}.Release|Any CPU.ActiveCfg = Release|Any CPU
		{9C04DD94-EED6-4FA5-B6F9-DD9AEE5E7A01}.Release|Any CPU.Build.0 = Release|Any CPU
		{9C04DD94-EED6-4FA5-B6F9-DD9AEE5E7A01}.Release|x64.ActiveCfg = Release|Any CPU
		{9C04DD94-EED6-4FA5-B6F9-DD9AEE5E7A01}.Release|x64.Build.0 = Release|Any CPU
		{9C04DD94-EED6-4FA5-B6F9-DD9AEE5E7A01}.Release|x86.ActiveCfg = Release|Any CPU
		{9C04DD94-EED6-4FA5-B6F9-DD9AEE5E7A01}.Release|x86.Build.0 = Release|Any CPU
		{8463B135-111C-4FD7-9D08-BF7CC0AA3F60}.Debug|Any CPU.ActiveCfg = Debug|Any CPU
		{8463B135-111C-4FD7-9D08-BF7CC0AA3F60}.Debug|Any CPU.Build.0 = Debug|Any CPU
		{8463B135-111C-4FD7-9D08-BF7CC0AA3F60}.Debug|x64.ActiveCfg = Debug|Any CPU
		{8463B135-111C-4FD7-9D08-BF7CC0AA3F60}.Debug|x64.Build.0 = Debug|Any CPU
		{8463B135-111C-4FD7-9D08-BF7CC0AA3F60}.Debug|x86.ActiveCfg = Debug|Any CPU
		{8463B135-111C-4FD7-9D08-BF7CC0AA3F60}.Debug|x86.Build.0 = Debug|Any CPU
		{8463B135-111C-4FD7-9D08-BF7CC0AA3F60}.Release|Any CPU.ActiveCfg = Release|Any CPU
		{8463B135-111C-4FD7-9D08-BF7CC0AA3F60}.Release|Any CPU.Build.0 = Release|Any CPU
		{8463B135-111C-4FD7-9D08-BF7CC0AA3F60}.Release|x64.ActiveCfg = Release|Any CPU
		{8463B135-111C-4FD7-9D08-BF7CC0AA3F60}.Release|x64.Build.0 = Release|Any CPU
		{8463B135-111C-4FD7-9D08-BF7CC0AA3F60}.Release|x86.ActiveCfg = Release|Any CPU
		{8463B135-111C-4FD7-9D08-BF7CC0AA3F60}.Release|x86.Build.0 = Release|Any CPU
		{8D0D678B-4BAD-469A-A5FA-B76CB5DCE00B}.Debug|Any CPU.ActiveCfg = Debug|Any CPU
		{8D0D678B-4BAD-469A-A5FA-B76CB5DCE00B}.Debug|x64.ActiveCfg = Debug|Any CPU
		{8D0D678B-4BAD-469A-A5FA-B76CB5DCE00B}.Debug|x86.ActiveCfg = Debug|Any CPU
		{8D0D678B-4BAD-469A-A5FA-B76CB5DCE00B}.Release|Any CPU.ActiveCfg = Release|Any CPU
		{8D0D678B-4BAD-469A-A5FA-B76CB5DCE00B}.Release|x64.ActiveCfg = Release|Any CPU
		{8D0D678B-4BAD-469A-A5FA-B76CB5DCE00B}.Release|x86.ActiveCfg = Release|Any CPU
		{152975C3-860F-4969-B43D-B26FA2146B60}.Debug|Any CPU.ActiveCfg = Debug|Any CPU
		{152975C3-860F-4969-B43D-B26FA2146B60}.Debug|Any CPU.Build.0 = Debug|Any CPU
		{152975C3-860F-4969-B43D-B26FA2146B60}.Debug|x64.ActiveCfg = Debug|Any CPU
		{152975C3-860F-4969-B43D-B26FA2146B60}.Debug|x64.Build.0 = Debug|Any CPU
		{152975C3-860F-4969-B43D-B26FA2146B60}.Debug|x86.ActiveCfg = Debug|Any CPU
		{152975C3-860F-4969-B43D-B26FA2146B60}.Debug|x86.Build.0 = Debug|Any CPU
		{152975C3-860F-4969-B43D-B26FA2146B60}.Release|Any CPU.ActiveCfg = Release|Any CPU
		{152975C3-860F-4969-B43D-B26FA2146B60}.Release|Any CPU.Build.0 = Release|Any CPU
		{152975C3-860F-4969-B43D-B26FA2146B60}.Release|x64.ActiveCfg = Release|Any CPU
		{152975C3-860F-4969-B43D-B26FA2146B60}.Release|x64.Build.0 = Release|Any CPU
		{152975C3-860F-4969-B43D-B26FA2146B60}.Release|x86.ActiveCfg = Release|Any CPU
		{152975C3-860F-4969-B43D-B26FA2146B60}.Release|x86.Build.0 = Release|Any CPU
		{E707FFD0-E6CF-43E1-8B05-3222914BA439}.Debug|Any CPU.ActiveCfg = Debug|Any CPU
		{E707FFD0-E6CF-43E1-8B05-3222914BA439}.Debug|Any CPU.Build.0 = Debug|Any CPU
		{E707FFD0-E6CF-43E1-8B05-3222914BA439}.Debug|x64.ActiveCfg = Debug|Any CPU
		{E707FFD0-E6CF-43E1-8B05-3222914BA439}.Debug|x64.Build.0 = Debug|Any CPU
		{E707FFD0-E6CF-43E1-8B05-3222914BA439}.Debug|x86.ActiveCfg = Debug|Any CPU
		{E707FFD0-E6CF-43E1-8B05-3222914BA439}.Debug|x86.Build.0 = Debug|Any CPU
		{E707FFD0-E6CF-43E1-8B05-3222914BA439}.Release|Any CPU.ActiveCfg = Release|Any CPU
		{E707FFD0-E6CF-43E1-8B05-3222914BA439}.Release|Any CPU.Build.0 = Release|Any CPU
		{E707FFD0-E6CF-43E1-8B05-3222914BA439}.Release|x64.ActiveCfg = Release|Any CPU
		{E707FFD0-E6CF-43E1-8B05-3222914BA439}.Release|x64.Build.0 = Release|Any CPU
		{E707FFD0-E6CF-43E1-8B05-3222914BA439}.Release|x86.ActiveCfg = Release|Any CPU
		{E707FFD0-E6CF-43E1-8B05-3222914BA439}.Release|x86.Build.0 = Release|Any CPU
		{9B0EAFE7-A97F-442C-8E97-F14CEF166339}.Debug|Any CPU.ActiveCfg = Debug|Any CPU
		{9B0EAFE7-A97F-442C-8E97-F14CEF166339}.Debug|Any CPU.Build.0 = Debug|Any CPU
		{9B0EAFE7-A97F-442C-8E97-F14CEF166339}.Debug|x64.ActiveCfg = Debug|Any CPU
		{9B0EAFE7-A97F-442C-8E97-F14CEF166339}.Debug|x64.Build.0 = Debug|Any CPU
		{9B0EAFE7-A97F-442C-8E97-F14CEF166339}.Debug|x86.ActiveCfg = Debug|Any CPU
		{9B0EAFE7-A97F-442C-8E97-F14CEF166339}.Debug|x86.Build.0 = Debug|Any CPU
		{9B0EAFE7-A97F-442C-8E97-F14CEF166339}.Release|Any CPU.ActiveCfg = Release|Any CPU
		{9B0EAFE7-A97F-442C-8E97-F14CEF166339}.Release|Any CPU.Build.0 = Release|Any CPU
		{9B0EAFE7-A97F-442C-8E97-F14CEF166339}.Release|x64.ActiveCfg = Release|Any CPU
		{9B0EAFE7-A97F-442C-8E97-F14CEF166339}.Release|x64.Build.0 = Release|Any CPU
		{9B0EAFE7-A97F-442C-8E97-F14CEF166339}.Release|x86.ActiveCfg = Release|Any CPU
		{9B0EAFE7-A97F-442C-8E97-F14CEF166339}.Release|x86.Build.0 = Release|Any CPU
		{3B7526E2-0D7D-4D0B-BB68-72DD2FB6BF58}.Debug|Any CPU.ActiveCfg = Debug|Any CPU
		{3B7526E2-0D7D-4D0B-BB68-72DD2FB6BF58}.Debug|Any CPU.Build.0 = Debug|Any CPU
		{3B7526E2-0D7D-4D0B-BB68-72DD2FB6BF58}.Debug|x64.ActiveCfg = Debug|Any CPU
		{3B7526E2-0D7D-4D0B-BB68-72DD2FB6BF58}.Debug|x64.Build.0 = Debug|Any CPU
		{3B7526E2-0D7D-4D0B-BB68-72DD2FB6BF58}.Debug|x86.ActiveCfg = Debug|Any CPU
		{3B7526E2-0D7D-4D0B-BB68-72DD2FB6BF58}.Debug|x86.Build.0 = Debug|Any CPU
		{3B7526E2-0D7D-4D0B-BB68-72DD2FB6BF58}.Release|Any CPU.ActiveCfg = Release|Any CPU
		{3B7526E2-0D7D-4D0B-BB68-72DD2FB6BF58}.Release|Any CPU.Build.0 = Release|Any CPU
		{3B7526E2-0D7D-4D0B-BB68-72DD2FB6BF58}.Release|x64.ActiveCfg = Release|Any CPU
		{3B7526E2-0D7D-4D0B-BB68-72DD2FB6BF58}.Release|x64.Build.0 = Release|Any CPU
		{3B7526E2-0D7D-4D0B-BB68-72DD2FB6BF58}.Release|x86.ActiveCfg = Release|Any CPU
		{3B7526E2-0D7D-4D0B-BB68-72DD2FB6BF58}.Release|x86.Build.0 = Release|Any CPU
		{B00FF7AA-5048-4C32-96CD-C3028E63BE02}.Debug|Any CPU.ActiveCfg = Debug|Any CPU
		{B00FF7AA-5048-4C32-96CD-C3028E63BE02}.Debug|Any CPU.Build.0 = Debug|Any CPU
		{B00FF7AA-5048-4C32-96CD-C3028E63BE02}.Debug|x64.ActiveCfg = Debug|Any CPU
		{B00FF7AA-5048-4C32-96CD-C3028E63BE02}.Debug|x64.Build.0 = Debug|Any CPU
		{B00FF7AA-5048-4C32-96CD-C3028E63BE02}.Debug|x86.ActiveCfg = Debug|Any CPU
		{B00FF7AA-5048-4C32-96CD-C3028E63BE02}.Debug|x86.Build.0 = Debug|Any CPU
		{B00FF7AA-5048-4C32-96CD-C3028E63BE02}.Release|Any CPU.ActiveCfg = Release|Any CPU
		{B00FF7AA-5048-4C32-96CD-C3028E63BE02}.Release|Any CPU.Build.0 = Release|Any CPU
		{B00FF7AA-5048-4C32-96CD-C3028E63BE02}.Release|x64.ActiveCfg = Release|Any CPU
		{B00FF7AA-5048-4C32-96CD-C3028E63BE02}.Release|x64.Build.0 = Release|Any CPU
		{B00FF7AA-5048-4C32-96CD-C3028E63BE02}.Release|x86.ActiveCfg = Release|Any CPU
		{B00FF7AA-5048-4C32-96CD-C3028E63BE02}.Release|x86.Build.0 = Release|Any CPU
		{5D5F3024-2DC3-4D1A-A66B-4E7A68F18225}.Debug|Any CPU.ActiveCfg = Debug|Any CPU
		{5D5F3024-2DC3-4D1A-A66B-4E7A68F18225}.Debug|Any CPU.Build.0 = Debug|Any CPU
		{5D5F3024-2DC3-4D1A-A66B-4E7A68F18225}.Debug|x64.ActiveCfg = Debug|Any CPU
		{5D5F3024-2DC3-4D1A-A66B-4E7A68F18225}.Debug|x64.Build.0 = Debug|Any CPU
		{5D5F3024-2DC3-4D1A-A66B-4E7A68F18225}.Debug|x86.ActiveCfg = Debug|Any CPU
		{5D5F3024-2DC3-4D1A-A66B-4E7A68F18225}.Debug|x86.Build.0 = Debug|Any CPU
		{5D5F3024-2DC3-4D1A-A66B-4E7A68F18225}.Release|Any CPU.ActiveCfg = Release|Any CPU
		{5D5F3024-2DC3-4D1A-A66B-4E7A68F18225}.Release|Any CPU.Build.0 = Release|Any CPU
		{5D5F3024-2DC3-4D1A-A66B-4E7A68F18225}.Release|x64.ActiveCfg = Release|Any CPU
		{5D5F3024-2DC3-4D1A-A66B-4E7A68F18225}.Release|x64.Build.0 = Release|Any CPU
		{5D5F3024-2DC3-4D1A-A66B-4E7A68F18225}.Release|x86.ActiveCfg = Release|Any CPU
		{5D5F3024-2DC3-4D1A-A66B-4E7A68F18225}.Release|x86.Build.0 = Release|Any CPU
		{079AACF1-C765-4EC5-B3EC-322262FEFBDD}.Debug|Any CPU.ActiveCfg = Debug|Any CPU
		{079AACF1-C765-4EC5-B3EC-322262FEFBDD}.Debug|Any CPU.Build.0 = Debug|Any CPU
		{079AACF1-C765-4EC5-B3EC-322262FEFBDD}.Debug|x64.ActiveCfg = Debug|Any CPU
		{079AACF1-C765-4EC5-B3EC-322262FEFBDD}.Debug|x64.Build.0 = Debug|Any CPU
		{079AACF1-C765-4EC5-B3EC-322262FEFBDD}.Debug|x86.ActiveCfg = Debug|Any CPU
		{079AACF1-C765-4EC5-B3EC-322262FEFBDD}.Debug|x86.Build.0 = Debug|Any CPU
		{079AACF1-C765-4EC5-B3EC-322262FEFBDD}.Release|Any CPU.ActiveCfg = Release|Any CPU
		{079AACF1-C765-4EC5-B3EC-322262FEFBDD}.Release|Any CPU.Build.0 = Release|Any CPU
		{079AACF1-C765-4EC5-B3EC-322262FEFBDD}.Release|x64.ActiveCfg = Release|Any CPU
		{079AACF1-C765-4EC5-B3EC-322262FEFBDD}.Release|x64.Build.0 = Release|Any CPU
		{079AACF1-C765-4EC5-B3EC-322262FEFBDD}.Release|x86.ActiveCfg = Release|Any CPU
		{079AACF1-C765-4EC5-B3EC-322262FEFBDD}.Release|x86.Build.0 = Release|Any CPU
		{AC0C3F40-8A28-498A-B708-FBF2B66CFE31}.Debug|Any CPU.ActiveCfg = Debug|Any CPU
		{AC0C3F40-8A28-498A-B708-FBF2B66CFE31}.Debug|Any CPU.Build.0 = Debug|Any CPU
		{AC0C3F40-8A28-498A-B708-FBF2B66CFE31}.Debug|x64.ActiveCfg = Debug|Any CPU
		{AC0C3F40-8A28-498A-B708-FBF2B66CFE31}.Debug|x64.Build.0 = Debug|Any CPU
		{AC0C3F40-8A28-498A-B708-FBF2B66CFE31}.Debug|x86.ActiveCfg = Debug|Any CPU
		{AC0C3F40-8A28-498A-B708-FBF2B66CFE31}.Debug|x86.Build.0 = Debug|Any CPU
		{AC0C3F40-8A28-498A-B708-FBF2B66CFE31}.Release|Any CPU.ActiveCfg = Release|Any CPU
		{AC0C3F40-8A28-498A-B708-FBF2B66CFE31}.Release|Any CPU.Build.0 = Release|Any CPU
		{AC0C3F40-8A28-498A-B708-FBF2B66CFE31}.Release|x64.ActiveCfg = Release|Any CPU
		{AC0C3F40-8A28-498A-B708-FBF2B66CFE31}.Release|x64.Build.0 = Release|Any CPU
		{AC0C3F40-8A28-498A-B708-FBF2B66CFE31}.Release|x86.ActiveCfg = Release|Any CPU
		{AC0C3F40-8A28-498A-B708-FBF2B66CFE31}.Release|x86.Build.0 = Release|Any CPU
		{749287FF-FC9D-42A4-A304-FA3B11EE3323}.Debug|Any CPU.ActiveCfg = Debug|Any CPU
		{749287FF-FC9D-42A4-A304-FA3B11EE3323}.Debug|Any CPU.Build.0 = Debug|Any CPU
		{749287FF-FC9D-42A4-A304-FA3B11EE3323}.Debug|x64.ActiveCfg = Debug|Any CPU
		{749287FF-FC9D-42A4-A304-FA3B11EE3323}.Debug|x64.Build.0 = Debug|Any CPU
		{749287FF-FC9D-42A4-A304-FA3B11EE3323}.Debug|x86.ActiveCfg = Debug|Any CPU
		{749287FF-FC9D-42A4-A304-FA3B11EE3323}.Debug|x86.Build.0 = Debug|Any CPU
		{749287FF-FC9D-42A4-A304-FA3B11EE3323}.Release|Any CPU.ActiveCfg = Release|Any CPU
		{749287FF-FC9D-42A4-A304-FA3B11EE3323}.Release|Any CPU.Build.0 = Release|Any CPU
		{749287FF-FC9D-42A4-A304-FA3B11EE3323}.Release|x64.ActiveCfg = Release|Any CPU
		{749287FF-FC9D-42A4-A304-FA3B11EE3323}.Release|x64.Build.0 = Release|Any CPU
		{749287FF-FC9D-42A4-A304-FA3B11EE3323}.Release|x86.ActiveCfg = Release|Any CPU
		{749287FF-FC9D-42A4-A304-FA3B11EE3323}.Release|x86.Build.0 = Release|Any CPU
		{4574BA9D-B4AE-4015-8CF2-DB8B9BE8FFBD}.Debug|Any CPU.ActiveCfg = Debug|Any CPU
		{4574BA9D-B4AE-4015-8CF2-DB8B9BE8FFBD}.Debug|Any CPU.Build.0 = Debug|Any CPU
		{4574BA9D-B4AE-4015-8CF2-DB8B9BE8FFBD}.Debug|x64.ActiveCfg = Debug|Any CPU
		{4574BA9D-B4AE-4015-8CF2-DB8B9BE8FFBD}.Debug|x64.Build.0 = Debug|Any CPU
		{4574BA9D-B4AE-4015-8CF2-DB8B9BE8FFBD}.Debug|x86.ActiveCfg = Debug|Any CPU
		{4574BA9D-B4AE-4015-8CF2-DB8B9BE8FFBD}.Debug|x86.Build.0 = Debug|Any CPU
		{4574BA9D-B4AE-4015-8CF2-DB8B9BE8FFBD}.Release|Any CPU.ActiveCfg = Release|Any CPU
		{4574BA9D-B4AE-4015-8CF2-DB8B9BE8FFBD}.Release|Any CPU.Build.0 = Release|Any CPU
		{4574BA9D-B4AE-4015-8CF2-DB8B9BE8FFBD}.Release|x64.ActiveCfg = Release|Any CPU
		{4574BA9D-B4AE-4015-8CF2-DB8B9BE8FFBD}.Release|x64.Build.0 = Release|Any CPU
		{4574BA9D-B4AE-4015-8CF2-DB8B9BE8FFBD}.Release|x86.ActiveCfg = Release|Any CPU
		{4574BA9D-B4AE-4015-8CF2-DB8B9BE8FFBD}.Release|x86.Build.0 = Release|Any CPU
	EndGlobalSection
	GlobalSection(SolutionProperties) = preSolution
		HideSolutionNode = FALSE
	EndGlobalSection
	GlobalSection(NestedProjects) = preSolution
		{8463B135-111C-4FD7-9D08-BF7CC0AA3F60} = {E8263E16-5B54-41A4-A50F-B42C4EB25771}
		{8D0D678B-4BAD-469A-A5FA-B76CB5DCE00B} = {E8263E16-5B54-41A4-A50F-B42C4EB25771}
		{9B0EAFE7-A97F-442C-8E97-F14CEF166339} = {008A4220-12F7-4605-ACA5-50C1849DC4D7}
		{3B7526E2-0D7D-4D0B-BB68-72DD2FB6BF58} = {008A4220-12F7-4605-ACA5-50C1849DC4D7}
		{B00FF7AA-5048-4C32-96CD-C3028E63BE02} = {008A4220-12F7-4605-ACA5-50C1849DC4D7}
		{5D5F3024-2DC3-4D1A-A66B-4E7A68F18225} = {248492CA-9827-47E8-81B6-E45B2FA1DCCC}
		{079AACF1-C765-4EC5-B3EC-322262FEFBDD} = {248492CA-9827-47E8-81B6-E45B2FA1DCCC}
		{AC0C3F40-8A28-498A-B708-FBF2B66CFE31} = {E8263E16-5B54-41A4-A50F-B42C4EB25771}
		{749287FF-FC9D-42A4-A304-FA3B11EE3323} = {E8263E16-5B54-41A4-A50F-B42C4EB25771}
		{4574BA9D-B4AE-4015-8CF2-DB8B9BE8FFBD} = {E8263E16-5B54-41A4-A50F-B42C4EB25771}
	EndGlobalSection
	GlobalSection(ExtensibilityGlobals) = postSolution
		SolutionGuid = {D821B8FC-F996-4EE3-AF14-1C7FE053CB68}
	EndGlobalSection
EndGlobal
